Microsoft Visual Studio Solution File, Format Version 12.00
# Visual Studio 2012
Project("{FAE04EC0-301F-11D3-BF4B-00C04F79EFBC}") = "The Great Tree", "The Great Tree.csproj", "{E9770C84-457B-4873-A59C-86BA57BF53FA}"
EndProject
Global
	GlobalSection(SolutionConfigurationPlatforms) = preSolution
	Debug|Any CPU = Debug|Any CPU
	ExportDebug|Any CPU = ExportDebug|Any CPU
	ExportRelease|Any CPU = ExportRelease|Any CPU
	EndGlobalSection
	GlobalSection(ProjectConfigurationPlatforms) = postSolution
		{E9770C84-457B-4873-A59C-86BA57BF53FA}.Debug|Any CPU.ActiveCfg = Debug|Any CPU
		{E9770C84-457B-4873-A59C-86BA57BF53FA}.Debug|Any CPU.Build.0 = Debug|Any CPU
		{E9770C84-457B-4873-A59C-86BA57BF53FA}.ExportDebug|Any CPU.ActiveCfg = ExportDebug|Any CPU
		{E9770C84-457B-4873-A59C-86BA57BF53FA}.ExportDebug|Any CPU.Build.0 = ExportDebug|Any CPU
		{E9770C84-457B-4873-A59C-86BA57BF53FA}.ExportRelease|Any CPU.ActiveCfg = ExportRelease|Any CPU
		{E9770C84-457B-4873-A59C-86BA57BF53FA}.ExportRelease|Any CPU.Build.0 = ExportRelease|Any CPU
	EndGlobalSection
EndGlobal
